<?xml version="1.0" encoding="utf-8"?>
<Project ToolsVersion="4.0" xmlns="http://schemas.microsoft.com/developer/msbuild/2003">
  <ItemGroup>
    <ClCompile Include="remoteApi\extApi.c">
      <Filter>remoteApi</Filter>
    </ClCompile>
    <ClCompile Include="remoteApi\extApiCustom.c">
      <Filter>remoteApi</Filter>
    </ClCompile>
    <ClCompile Include="remoteApi\extApiPlatform.c">
      <Filter>remoteApi</Filter>
    </ClCompile>
    <ClCompile Include="PhantomDrone.cpp" />
    <ClCompile Include="Drone.cpp" />
    <ClCompile Include="Controller.cpp" />
    <ClCompile Include="Phantom.cpp" />
    <ClCompile Include="XInput.cpp" />
    <ClCompile Include="ArrayMath.cpp" />
  </ItemGroup>
  <ItemGroup>
    <ClInclude Include="include\extApiCustomConst.h">
      <Filter>include</Filter>
    </ClInclude>
    <ClInclude Include="include\v_repConst.h">
      <Filter>include</Filter>
    </ClInclude>
    <ClInclude Include="include\v_repLib.h">
      <Filter>include</Filter>
    </ClInclude>
    <ClInclude Include="include\v_repTypes.h">
      <Filter>include</Filter>
    </ClInclude>
    <ClInclude Include="remoteApi\extApi.h">
      <Filter>remoteApi</Filter>
    </ClInclude>
    <ClInclude Include="remoteApi\extApiCustom.h">
      <Filter>remoteApi</Filter>
    </ClInclude>
    <ClInclude Include="remoteApi\extApiInternal.h">
      <Filter>remoteApi</Filter>
    </ClInclude>
    <ClInclude Include="remoteApi\extApiPlatform.h">
      <Filter>remoteApi</Filter>
    </ClInclude>
    <ClInclude Include="Drone.hpp" />
    <ClInclude Include="Controller.hpp" />
    <ClInclude Include="ArrayMath.hpp" />
    <ClInclude Include="Copter.hpp" />
    <ClInclude Include="Phantom.hpp" />
    <ClInclude Include="XInput.hpp" />
  </ItemGroup>
  <ItemGroup>
    <Filter Include="include">
      <UniqueIdentifier>{5dbafd45-2c1d-4bbb-a5a8-5f6205daf50e}</UniqueIdentifier>
    </Filter>
    <Filter Include="remoteApi">
      <UniqueIdentifier>{9c0955f8-2f5c-4e54-8861-5a20d4539500}</UniqueIdentifier>
    </Filter>
  </ItemGroup>
</Project>